// !$*UTF8*$!
{
	archiveVersion = 1;
	classes = {
	};
	objectVersion = 46;
	objects = {

/* Begin PBXBuildFile section */
		F8939094192924F50061FB2E /* Foundation.framework in Frameworks */ = {isa = PBXBuildFile; fileRef = F8939093192924F50061FB2E /* Foundation.framework */; };
		F8939096192924F50061FB2E /* CoreGraphics.framework in Frameworks */ = {isa = PBXBuildFile; fileRef = F8939095192924F50061FB2E /* CoreGraphics.framework */; };
		F8939098192924F50061FB2E /* UIKit.framework in Frameworks */ = {isa = PBXBuildFile; fileRef = F8939097192924F50061FB2E /* UIKit.framework */; };
		F893909E192924F50061FB2E /* InfoPlist.strings in Resources */ = {isa = PBXBuildFile; fileRef = F893909C192924F50061FB2E /* InfoPlist.strings */; };
		F89390A0192924F50061FB2E /* main.m in Sources */ = {isa = PBXBuildFile; fileRef = F893909F192924F50061FB2E /* main.m */; };
		F89390A4192924F50061FB2E /* AppDelegate.m in Sources */ = {isa = PBXBuildFile; fileRef = F89390A3192924F50061FB2E /* AppDelegate.m */; };
		F89390A7192924F50061FB2E /* Main.storyboard in Resources */ = {isa = PBXBuildFile; fileRef = F89390A5192924F50061FB2E /* Main.storyboard */; };
		F89390AA192924F50061FB2E /* ViewController.m in Sources */ = {isa = PBXBuildFile; fileRef = F89390A9192924F50061FB2E /* ViewController.m */; };
		F89390AC192924F50061FB2E /* Images.xcassets in Resources */ = {isa = PBXBuildFile; fileRef = F89390AB192924F50061FB2E /* Images.xcassets */; };
		F89390B3192924F60061FB2E /* XCTest.framework in Frameworks */ = {isa = PBXBuildFile; fileRef = F89390B2192924F60061FB2E /* XCTest.framework */; };
		F89390B4192924F60061FB2E /* Foundation.framework in Frameworks */ = {isa = PBXBuildFile; fileRef = F8939093192924F50061FB2E /* Foundation.framework */; };
		F89390B5192924F60061FB2E /* UIKit.framework in Frameworks */ = {isa = PBXBuildFile; fileRef = F8939097192924F50061FB2E /* UIKit.framework */; };
		F89390BD192924F60061FB2E /* InfoPlist.strings in Resources */ = {isa = PBXBuildFile; fileRef = F89390BB192924F60061FB2E /* InfoPlist.strings */; };
		F89390BF192924F60061FB2E /* MyApplicationTests.m in Sources */ = {isa = PBXBuildFile; fileRef = F89390BE192924F60061FB2E /* MyApplicationTests.m */; };
		F893911319292B830061FB2E /* libMyLibrary.a in Frameworks */ = {isa = PBXBuildFile; fileRef = F893911019292B680061FB2E /* libMyLibrary.a */; };
/* End PBXBuildFile section */

/* Begin PBXContainerItemProxy section */
		F89390B6192924F60061FB2E /* PBXContainerItemProxy */ = {
			isa = PBXContainerItemProxy;
			containerPortal = F8939088192924F50061FB2E /* Project object */;
			proxyType = 1;
			remoteGlobalIDString = F893908F192924F50061FB2E;
			remoteInfo = MyApplication;
		};
		F893910F19292B680061FB2E /* PBXContainerItemProxy */ = {
			isa = PBXContainerItemProxy;
			containerPortal = F893910A19292B680061FB2E /* MyLibrary.xcodeproj */;
			proxyType = 2;
			remoteGlobalIDString = F89390D1192925D50061FB2E;
			remoteInfo = MyLibrary;
		};
		F893911119292B680061FB2E /* PBXContainerItemProxy */ = {
			isa = PBXContainerItemProxy;
			containerPortal = F893910A19292B680061FB2E /* MyLibrary.xcodeproj */;
			proxyType = 2;
			remoteGlobalIDString = F89390E1192925D50061FB2E;
			remoteInfo = MyLibraryTests;
		};
		F893911419292B870061FB2E /* PBXContainerItemProxy */ = {
			isa = PBXContainerItemProxy;
			containerPortal = F893910A19292B680061FB2E /* MyLibrary.xcodeproj */;
			proxyType = 1;
			remoteGlobalIDString = F89390D0192925D50061FB2E;
			remoteInfo = MyLibrary;
		};
/* End PBXContainerItemProxy section */

/* Begin PBXFileReference section */
		F8939090192924F50061FB2E /* MyApplication.app */ = {isa = PBXFileReference; explicitFileType = wrapper.application; includeInIndex = 0; path = MyApplication.app; sourceTree = BUILT_PRODUCTS_DIR; };
		F8939093192924F50061FB2E /* Foundation.framework */ = {isa = PBXFileReference; lastKnownFileType = wrapper.framework; name = Foundation.framework; path = System/Library/Frameworks/Foundation.framework; sourceTree = SDKROOT; };
		F8939095192924F50061FB2E /* CoreGraphics.framework */ = {isa = PBXFileReference; lastKnownFileType = wrapper.framework; name = CoreGraphics.framework; path = System/Library/Frameworks/CoreGraphics.framework; sourceTree = SDKROOT; };
		F8939097192924F50061FB2E /* UIKit.framework */ = {isa = PBXFileReference; lastKnownFileType = wrapper.framework; name = UIKit.framework; path = System/Library/Frameworks/UIKit.framework; sourceTree = SDKROOT; };
		F893909B192924F50061FB2E /* MyApplication-Info.plist */ = {isa = PBXFileReference; lastKnownFileType = text.plist.xml; path = "MyApplication-Info.plist"; sourceTree = "<group>"; };
		F893909D192924F50061FB2E /* en */ = {isa = PBXFileReference; lastKnownFileType = text.plist.strings; name = en; path = en.lproj/InfoPlist.strings; sourceTree = "<group>"; };
		F893909F192924F50061FB2E /* main.m */ = {isa = PBXFileReference; lastKnownFileType = sourcecode.c.objc; path = main.m; sourceTree = "<group>"; };
		F89390A1192924F50061FB2E /* MyApplication-Prefix.pch */ = {isa = PBXFileReference; lastKnownFileType = sourcecode.c.h; path = "MyApplication-Prefix.pch"; sourceTree = "<group>"; };
		F89390A2192924F50061FB2E /* AppDelegate.h */ = {isa = PBXFileReference; lastKnownFileType = sourcecode.c.h; path = AppDelegate.h; sourceTree = "<group>"; };
		F89390A3192924F50061FB2E /* AppDelegate.m */ = {isa = PBXFileReference; lastKnownFileType = sourcecode.c.objc; path = AppDelegate.m; sourceTree = "<group>"; };
		F89390A6192924F50061FB2E /* Base */ = {isa = PBXFileReference; lastKnownFileType = file.storyboard; name = Base; path = Base.lproj/Main.storyboard; sourceTree = "<group>"; };
		F89390A8192924F50061FB2E /* ViewController.h */ = {isa = PBXFileReference; lastKnownFileType = sourcecode.c.h; path = ViewController.h; sourceTree = "<group>"; };
		F89390A9192924F50061FB2E /* ViewController.m */ = {isa = PBXFileReference; lastKnownFileType = sourcecode.c.objc; path = ViewController.m; sourceTree = "<group>"; };
		F89390AB192924F50061FB2E /* Images.xcassets */ = {isa = PBXFileReference; lastKnownFileType = folder.assetcatalog; path = Images.xcassets; sourceTree = "<group>"; };
		F89390B1192924F60061FB2E /* MyApplicationTests.xctest */ = {isa = PBXFileReference; explicitFileType = wrapper.cfbundle; includeInIndex = 0; path = MyApplicationTests.xctest; sourceTree = BUILT_PRODUCTS_DIR; };
		F89390B2192924F60061FB2E /* XCTest.framework */ = {isa = PBXFileReference; lastKnownFileType = wrapper.framework; name = XCTest.framework; path = Library/Frameworks/XCTest.framework; sourceTree = DEVELOPER_DIR; };
		F89390BA192924F60061FB2E /* MyApplicationTests-Info.plist */ = {isa = PBXFileReference; lastKnownFileType = text.plist.xml; path = "MyApplicationTests-Info.plist"; sourceTree = "<group>"; };
		F89390BC192924F60061FB2E /* en */ = {isa = PBXFileReference; lastKnownFileType = text.plist.strings; name = en; path = en.lproj/InfoPlist.strings; sourceTree = "<group>"; };
		F89390BE192924F60061FB2E /* MyApplicationTests.m */ = {isa = PBXFileReference; lastKnownFileType = sourcecode.c.objc; path = MyApplicationTests.m; sourceTree = "<group>"; };
		F893910A19292B680061FB2E /* MyLibrary.xcodeproj */ = {isa = PBXFileReference; lastKnownFileType = "wrapper.pb-project"; name = MyLibrary.xcodeproj; path = ../MyLibrary/MyLibrary.xcodeproj; sourceTree = "<group>"; };
/* End PBXFileReference section */

/* Begin PBXFrameworksBuildPhase section */
		F893908D192924F50061FB2E /* Frameworks */ = {
			isa = PBXFrameworksBuildPhase;
			buildActionMask = 2147483647;
			files = (
				F893911319292B830061FB2E /* libMyLibrary.a in Frameworks */,
				F8939096192924F50061FB2E /* CoreGraphics.framework in Frameworks */,
				F8939098192924F50061FB2E /* UIKit.framework in Frameworks */,
				F8939094192924F50061FB2E /* Foundation.framework in Frameworks */,
			);
			runOnlyForDeploymentPostprocessing = 0;
		};
		F89390AE192924F60061FB2E /* Frameworks */ = {
			isa = PBXFrameworksBuildPhase;
			buildActionMask = 2147483647;
			files = (
				F89390B3192924F60061FB2E /* XCTest.framework in Frameworks */,
				F89390B5192924F60061FB2E /* UIKit.framework in Frameworks */,
				F89390B4192924F60061FB2E /* Foundation.framework in Frameworks */,
			);
			runOnlyForDeploymentPostprocessing = 0;
		};
/* End PBXFrameworksBuildPhase section */

/* Begin PBXGroup section */
		F8939087192924F50061FB2E = {
			isa = PBXGroup;
			children = (
				F893910A19292B680061FB2E /* MyLibrary.xcodeproj */,
				F8939099192924F50061FB2E /* MyApplication */,
				F89390B8192924F60061FB2E /* MyApplicationTests */,
				F8939092192924F50061FB2E /* Frameworks */,
				F8939091192924F50061FB2E /* Products */,
			);
			sourceTree = "<group>";
		};
		F8939091192924F50061FB2E /* Products */ = {
			isa = PBXGroup;
			children = (
				F8939090192924F50061FB2E /* MyApplication.app */,
				F89390B1192924F60061FB2E /* MyApplicationTests.xctest */,
			);
			name = Products;
			sourceTree = "<group>";
		};
		F8939092192924F50061FB2E /* Frameworks */ = {
			isa = PBXGroup;
			children = (
				F8939093192924F50061FB2E /* Foundation.framework */,
				F8939095192924F50061FB2E /* CoreGraphics.framework */,
				F8939097192924F50061FB2E /* UIKit.framework */,
				F89390B2192924F60061FB2E /* XCTest.framework */,
			);
			name = Frameworks;
			sourceTree = "<group>";
		};
		F8939099192924F50061FB2E /* MyApplication */ = {
			isa = PBXGroup;
			children = (
				F89390A2192924F50061FB2E /* AppDelegate.h */,
				F89390A3192924F50061FB2E /* AppDelegate.m */,
				F89390A5192924F50061FB2E /* Main.storyboard */,
				F89390A8192924F50061FB2E /* ViewController.h */,
				F89390A9192924F50061FB2E /* ViewController.m */,
				F89390AB192924F50061FB2E /* Images.xcassets */,
				F893909A192924F50061FB2E /* Supporting Files */,
			);
			path = MyApplication;
			sourceTree = "<group>";
		};
		F893909A192924F50061FB2E /* Supporting Files */ = {
			isa = PBXGroup;
			children = (
				F893909B192924F50061FB2E /* MyApplication-Info.plist */,
				F893909C192924F50061FB2E /* InfoPlist.strings */,
				F893909F192924F50061FB2E /* main.m */,
				F89390A1192924F50061FB2E /* MyApplication-Prefix.pch */,
			);
			name = "Supporting Files";
			sourceTree = "<group>";
		};
		F89390B8192924F60061FB2E /* MyApplicationTests */ = {
			isa = PBXGroup;
			children = (
				F89390BE192924F60061FB2E /* MyApplicationTests.m */,
				F89390B9192924F60061FB2E /* Supporting Files */,
			);
			path = MyApplicationTests;
			sourceTree = "<group>";
		};
		F89390B9192924F60061FB2E /* Supporting Files */ = {
			isa = PBXGroup;
			children = (
				F89390BA192924F60061FB2E /* MyApplicationTests-Info.plist */,
				F89390BB192924F60061FB2E /* InfoPlist.strings */,
			);
			name = "Supporting Files";
			sourceTree = "<group>";
		};
		F893910B19292B680061FB2E /* Products */ = {
			isa = PBXGroup;
			children = (
				F893911019292B680061FB2E /* libMyLibrary.a */,
				F893911219292B680061FB2E /* MyLibraryTests.xctest */,
			);
			name = Products;
			sourceTree = "<group>";
		};
/* End PBXGroup section */

/* Begin PBXNativeTarget section */
		F893908F192924F50061FB2E /* MyApplication */ = {
			isa = PBXNativeTarget;
			buildConfigurationList = F89390C2192924F60061FB2E /* Build configuration list for PBXNativeTarget "MyApplication" */;
			buildPhases = (
				F893908C192924F50061FB2E /* Sources */,
				F893908D192924F50061FB2E /* Frameworks */,
				F893908E192924F50061FB2E /* Resources */,
			);
			buildRules = (
			);
			dependencies = (
				F893911519292B870061FB2E /* PBXTargetDependency */,
			);
			name = MyApplication;
			productName = MyApplication;
			productReference = F8939090192924F50061FB2E /* MyApplication.app */;
			productType = "com.apple.product-type.application";
		};
		F89390B0192924F60061FB2E /* MyApplicationTests */ = {
			isa = PBXNativeTarget;
			buildConfigurationList = F89390C5192924F60061FB2E /* Build configuration list for PBXNativeTarget "MyApplicationTests" */;
			buildPhases = (
				F89390AD192924F60061FB2E /* Sources */,
				F89390AE192924F60061FB2E /* Frameworks */,
				F89390AF192924F60061FB2E /* Resources */,
			);
			buildRules = (
			);
			dependencies = (
				F89390B7192924F60061FB2E /* PBXTargetDependency */,
			);
			name = MyApplicationTests;
			productName = MyApplicationTests;
			productReference = F89390B1192924F60061FB2E /* MyApplicationTests.xctest */;
			productType = "com.apple.product-type.bundle.unit-test";
		};
/* End PBXNativeTarget section */

/* Begin PBXProject section */
		F8939088192924F50061FB2E /* Project object */ = {
			isa = PBXProject;
			attributes = {
				LastUpgradeCheck = 0510;
				ORGANIZATIONNAME = "Stefan Arentz";
				TargetAttributes = {
					F89390B0192924F60061FB2E = {
						TestTargetID = F893908F192924F50061FB2E;
					};
				};
			};
			buildConfigurationList = F893908B192924F50061FB2E /* Build configuration list for PBXProject "MyApplication" */;
			compatibilityVersion = "Xcode 3.2";
			developmentRegion = English;
			hasScannedForEncodings = 0;
			knownRegions = (
				en,
				Base,
			);
			mainGroup = F8939087192924F50061FB2E;
			productRefGroup = F8939091192924F50061FB2E /* Products */;
			projectDirPath = "";
			projectReferences = (
				{
					ProductGroup = F893910B19292B680061FB2E /* Products */;
					ProjectRef = F893910A19292B680061FB2E /* MyLibrary.xcodeproj */;
				},
			);
			projectRoot = "";
			targets = (
				F893908F192924F50061FB2E /* MyApplication */,
				F89390B0192924F60061FB2E /* MyApplicationTests */,
			);
		};
/* End PBXProject section */

/* Begin PBXReferenceProxy section */
		F893911019292B680061FB2E /* libMyLibrary.a */ = {
			isa = PBXReferenceProxy;
			fileType = archive.ar;
			path = libMyLibrary.a;
			remoteRef = F893910F19292B680061FB2E /* PBXContainerItemProxy */;
			sourceTree = BUILT_PRODUCTS_DIR;
		};
		F893911219292B680061FB2E /* MyLibraryTests.xctest */ = {
			isa = PBXReferenceProxy;
			fileType = wrapper.cfbundle;
			path = MyLibraryTests.xctest;
			remoteRef = F893911119292B680061FB2E /* PBXContainerItemProxy */;
			sourceTree = BUILT_PRODUCTS_DIR;
		};
/* End PBXReferenceProxy section */

/* Begin PBXResourcesBuildPhase section */
		F893908E192924F50061FB2E /* Resources */ = {
			isa = PBXResourcesBuildPhase;
			buildActionMask = 2147483647;
			files = (
				F89390AC192924F50061FB2E /* Images.xcassets in Resources */,
				F893909E192924F50061FB2E /* InfoPlist.strings in Resources */,
				F89390A7192924F50061FB2E /* Main.storyboard in Resources */,
			);
			runOnlyForDeploymentPostprocessing = 0;
		};
		F89390AF192924F60061FB2E /* Resources */ = {
			isa = PBXResourcesBuildPhase;
			buildActionMask = 2147483647;
			files = (
				F89390BD192924F60061FB2E /* InfoPlist.strings in Resources */,
			);
			runOnlyForDeploymentPostprocessing = 0;
		};
/* End PBXResourcesBuildPhase section */

/* Begin PBXSourcesBuildPhase section */
		F893908C192924F50061FB2E /* Sources */ = {
			isa = PBXSourcesBuildPhase;
			buildActionMask = 2147483647;
			files = (
				F89390AA192924F50061FB2E /* ViewController.m in Sources */,
				F89390A4192924F50061FB2E /* AppDelegate.m in Sources */,
				F89390A0192924F50061FB2E /* main.m in Sources */,
			);
			runOnlyForDeploymentPostprocessing = 0;
		};
		F89390AD192924F60061FB2E /* Sources */ = {
			isa = PBXSourcesBuildPhase;
			buildActionMask = 2147483647;
			files = (
				F89390BF192924F60061FB2E /* MyApplicationTests.m in Sources */,
			);
			runOnlyForDeploymentPostprocessing = 0;
		};
/* End PBXSourcesBuildPhase section */

/* Begin PBXTargetDependency section */
		F89390B7192924F60061FB2E /* PBXTargetDependency */ = {
			isa = PBXTargetDependency;
			target = F893908F192924F50061FB2E /* MyApplication */;
			targetProxy = F89390B6192924F60061FB2E /* PBXContainerItemProxy */;
		};
		F893911519292B870061FB2E /* PBXTargetDependency */ = {
			isa = PBXTargetDependency;
			name = MyLibrary;
			targetProxy = F893911419292B870061FB2E /* PBXContainerItemProxy */;
		};
/* End PBXTargetDependency section */

/* Begin PBXVariantGroup section */
		F893909C192924F50061FB2E /* InfoPlist.strings */ = {
			isa = PBXVariantGroup;
			children = (
				F893909D192924F50061FB2E /* en */,
			);
			name = InfoPlist.strings;
			sourceTree = "<group>";
		};
		F89390A5192924F50061FB2E /* Main.storyboard */ = {
			isa = PBXVariantGroup;
			children = (
				F89390A6192924F50061FB2E /* Base */,
			);
			name = Main.storyboard;
			sourceTree = "<group>";
		};
		F89390BB192924F60061FB2E /* InfoPlist.strings */ = {
			isa = PBXVariantGroup;
			children = (
				F89390BC192924F60061FB2E /* en */,
			);
			name = InfoPlist.strings;
			sourceTree = "<group>";
		};
/* End PBXVariantGroup section */

/* Begin XCBuildConfiguration section */
		F89390C0192924F60061FB2E /* Debug */ = {
			isa = XCBuildConfiguration;
			buildSettings = {
				ALWAYS_SEARCH_USER_PATHS = NO;
				CLANG_CXX_LANGUAGE_STANDARD = "gnu++0x";
				CLANG_CXX_LIBRARY = "libc++";
				CLANG_ENABLE_MODULES = YES;
				CLANG_ENABLE_OBJC_ARC = YES;
				CLANG_WARN_BOOL_CONVERSION = YES;
				CLANG_WARN_CONSTANT_CONVERSION = YES;
				CLANG_WARN_DIRECT_OBJC_ISA_USAGE = YES_ERROR;
				CLANG_WARN_EMPTY_BODY = YES;
				CLANG_WARN_ENUM_CONVERSION = YES;
				CLANG_WARN_INT_CONVERSION = YES;
				CLANG_WARN_OBJC_ROOT_CLASS = YES_ERROR;
				CLANG_WARN__DUPLICATE_METHOD_MATCH = YES;
				"CODE_SIGN_IDENTITY[sdk=iphoneos*]" = "iPhone Developer";
				COPY_PHASE_STRIP = NO;
				GCC_C_LANGUAGE_STANDARD = gnu99;
				GCC_DYNAMIC_NO_PIC = NO;
				GCC_OPTIMIZATION_LEVEL = 0;
				GCC_PREPROCESSOR_DEFINITIONS = (
					"DEBUG=1",
					"$(inherited)",
				);
				GCC_SYMBOLS_PRIVATE_EXTERN = NO;
				GCC_WARN_64_TO_32_BIT_CONVERSION = YES;
				GCC_WARN_ABOUT_RETURN_TYPE = YES_ERROR;
				GCC_WARN_UNDECLARED_SELECTOR = YES;
				GCC_WARN_UNINITIALIZED_AUTOS = YES_AGGRESSIVE;
				GCC_WARN_UNUSED_FUNCTION = YES;
				GCC_WARN_UNUSED_VARIABLE = YES;
				IPHONEOS_DEPLOYMENT_TARGET = 7.1;
				ONLY_ACTIVE_ARCH = YES;
				SDKROOT = iphoneos;
			};
			name = Debug;
		};
		F89390C1192924F60061FB2E /* Release */ = {
			isa = XCBuildConfiguration;
			buildSettings = {
				ALWAYS_SEARCH_USER_PATHS = NO;
				CLANG_CXX_LANGUAGE_STANDARD = "gnu++0x";
				CLANG_CXX_LIBRARY = "libc++";
				CLANG_ENABLE_MODULES = YES;
				CLANG_ENABLE_OBJC_ARC = YES;
				CLANG_WARN_BOOL_CONVERSION = YES;
				CLANG_WARN_CONSTANT_CONVERSION = YES;
				CLANG_WARN_DIRECT_OBJC_ISA_USAGE = YES_ERROR;
				CLANG_WARN_EMPTY_BODY = YES;
				CLANG_WARN_ENUM_CONVERSION = YES;
				CLANG_WARN_INT_CONVERSION = YES;
				CLANG_WARN_OBJC_ROOT_CLASS = YES_ERROR;
				CLANG_WARN__DUPLICATE_METHOD_MATCH = YES;
				"CODE_SIGN_IDENTITY[sdk=iphoneos*]" = "iPhone Developer";
				COPY_PHASE_STRIP = YES;
				ENABLE_NS_ASSERTIONS = NO;
				GCC_C_LANGUAGE_STANDARD = gnu99;
				GCC_WARN_64_TO_32_BIT_CONVERSION = YES;
				GCC_WARN_ABOUT_RETURN_TYPE = YES_ERROR;
				GCC_WARN_UNDECLARED_SELECTOR = YES;
				GCC_WARN_UNINITIALIZED_AUTOS = YES_AGGRESSIVE;
				GCC_WARN_UNUSED_FUNCTION = YES;
				GCC_WARN_UNUSED_VARIABLE = YES;
				IPHONEOS_DEPLOYMENT_TARGET = 7.1;
				SDKROOT = iphoneos;
				VALIDATE_PRODUCT = YES;
			};
			name = Release;
		};
		F89390C3192924F60061FB2E /* Debug */ = {
			isa = XCBuildConfiguration;
			buildSettings = {
				ASSETCATALOG_COMPILER_APPICON_NAME = AppIcon;
				ASSETCATALOG_COMPILER_LAUNCHIMAGE_NAME = LaunchImage;
				GCC_PRECOMPILE_PREFIX_HEADER = YES;
				GCC_PREFIX_HEADER = "MyApplication/MyApplication-Prefix.pch";
				INFOPLIST_FILE = "MyApplication/MyApplication-Info.plist";
				PRODUCT_NAME = "$(TARGET_NAME)";
				WRAPPER_EXTENSION = app;
			};
			name = Debug;
		};
		F89390C4192924F60061FB2E /* Release */ = {
			isa = XCBuildConfiguration;
			buildSettings = {
				ASSETCATALOG_COMPILER_APPICON_NAME = AppIcon;
				ASSETCATALOG_COMPILER_LAUNCHIMAGE_NAME = LaunchImage;
				GCC_PRECOMPILE_PREFIX_HEADER = YES;
				GCC_PREFIX_HEADER = "MyApplication/MyApplication-Prefix.pch";
				INFOPLIST_FILE = "MyApplication/MyApplication-Info.plist";
				PRODUCT_NAME = "$(TARGET_NAME)";
				WRAPPER_EXTENSION = app;
			};
			name = Release;
		};
		F89390C6192924F60061FB2E /* Debug */ = {
			isa = XCBuildConfiguration;
			buildSettings = {
				BUNDLE_LOADER = "$(BUILT_PRODUCTS_DIR)/MyApplication.app/MyApplication";
				FRAMEWORK_SEARCH_PATHS = (
					"$(SDKROOT)/Developer/Library/Frameworks",
					"$(inherited)",
					"$(DEVELOPER_FRAMEWORKS_DIR)",
				);
				GCC_PRECOMPILE_PREFIX_HEADER = YES;
				GCC_PREFIX_HEADER = "MyApplication/MyApplication-Prefix.pch";
				GCC_PREPROCESSOR_DEFINITIONS = (
					"DEBUG=1",
					"$(inherited)",
				);
				INFOPLIST_FILE = "MyApplicationTests/MyApplicationTests-Info.plist";
				PRODUCT_NAME = "$(TARGET_NAME)";
				TEST_HOST = "$(BUNDLE_LOADER)";
				WRAPPER_EXTENSION = xctest;
			};
			name = Debug;
		};
		F89390C7192924F60061FB2E /* Release */ = {
			isa = XCBuildConfiguration;
			buildSettings = {
				BUNDLE_LOADER = "$(BUILT_PRODUCTS_DIR)/MyApplication.app/MyApplication";
				FRAMEWORK_SEARCH_PATHS = (
					"$(SDKROOT)/Developer/Library/Frameworks",
					"$(inherited)",
					"$(DEVELOPER_FRAMEWORKS_DIR)",
				);
				GCC_PRECOMPILE_PREFIX_HEADER = YES;
				GCC_PREFIX_HEADER = "MyApplication/MyApplication-Prefix.pch";
				INFOPLIST_FILE = "MyApplicationTests/MyApplicationTests-Info.plist";
				PRODUCT_NAME = "$(TARGET_NAME)";
				TEST_HOST = "$(BUNDLE_LOADER)";
				WRAPPER_EXTENSION = xctest;
			};
			name = Release;
		};
/* End XCBuildConfiguration section */

/* Begin XCConfigurationList section */
		F893908B192924F50061FB2E /* Build configuration list for PBXProject "MyApplication" */ = {
			isa = XCConfigurationList;
			buildConfigurations = (
				F89390C0192924F60061FB2E /* Debug */,
				F89390C1192924F60061FB2E /* Release */,
			);
			defaultConfigurationIsVisible = 0;
			defaultConfigurationName = Release;
		};
		F89390C2192924F60061FB2E /* Build configuration list for PBXNativeTarget "MyApplication" */ = {
			isa = XCConfigurationList;
			buildConfigurations = (
				F89390C3192924F60061FB2E /* Debug */,
				F89390C4192924F60061FB2E /* Release */,
			);
			defaultConfigurationIsVisible = 0;
			defaultConfigurationName = Release;
		};
		F89390C5192924F60061FB2E /* Build configuration list for PBXNativeTarget "MyApplicationTests" */ = {
			isa = XCConfigurationList;
			buildConfigurations = (
				F89390C6192924F60061FB2E /* Debug */,
				F89390C7192924F60061FB2E /* Release */,
			);
			defaultConfigurationIsVisible = 0;
			defaultConfigurationName = Release;
		};
/* End XCConfigurationList section */
	};
	rootObject = F8939088192924F50061FB2E /* Project object */;
}
